{
  "name": "@gjmcn/happy",
  "version": "0.1.0",
  "lockfileVersion": 1,
  "requires": true,
  "dependencies": {
    "hyperapp": {
      "version": "2.0.18",
      "resolved": "https://registry.npmjs.org/hyperapp/-/hyperapp-2.0.18.tgz",
      "integrity": "sha512-i9NoQtmg9vFy5iQVDlpWRahnJsMn8eb1WrkDXUkytHzxx7IfOdICU6UaZP6fv2FVXPnQSVxxpUo8HT8d5L+ktw=="
    }
  }
}
